
Microsoft Visual Studio Solution File, Format Version 12.00
# Visual Studio 14
VisualStudioVersion = 14.0.24720.0
MinimumVisualStudioVersion = 10.0.40219.1
Project("{FAE04EC0-301F-11D3-BF4B-00C04F79EFBC}") = "XForms.Controls.Samples.Droid", "XForms.Controls.Samples\XForms.Controls.Samples.Droid\XForms.Controls.Samples.Droid.csproj", "{C3F0F9DD-6F8C-4B9B-ABCB-4B59A15C7857}"
EndProject
Project("{FAE04EC0-301F-11D3-BF4B-00C04F79EFBC}") = "XForms.Controls.Samples.iOS", "XForms.Controls.Samples\XForms.Controls.Samples.iOS\XForms.Controls.Samples.iOS.csproj", "{0E03175E-9608-42E7-B01A-839626DFE504}"
EndProject
Project("{FAE04EC0-301F-11D3-BF4B-00C04F79EFBC}") = "XForms.Controls.Samples.WinPhone", "XForms.Controls.Samples\XForms.Controls.Samples.WinPhone\XForms.Controls.Samples.WinPhone.csproj", "{2CDBA174-BC81-43FA-B416-4A54AA197824}"
EndProject
Project("{FAE04EC0-301F-11D3-BF4B-00C04F79EFBC}") = "XForms.Controls.Samples.UWP", "XForms.Controls.Samples\XForms.Controls.Samples.UWP\XForms.Controls.Samples.UWP.csproj", "{1605F0CF-2B13-4E22-8742-78BAFF20137E}"
EndProject
Project("{FAE04EC0-301F-11D3-BF4B-00C04F79EFBC}") = "XForms.Controls.Samples.Windows", "XForms.Controls.Samples\XForms.Controls.Samples.Windows\XForms.Controls.Samples.Windows.csproj", "{75E5C7F3-B636-4723-BA41-9304175E0F70}"
EndProject
Project("{FAE04EC0-301F-11D3-BF4B-00C04F79EFBC}") = "XForms.Controls.Samples", "XForms.Controls.Samples\XForms.Controls.Samples\XForms.Controls.Samples.csproj", "{1C04E182-058A-487C-9EC5-3300CE4285AA}"
EndProject
Project("{2150E333-8FDC-42A3-9474-1A3956D46DE8}") = "_XForms.Controls", "_XForms.Controls", "{079029E0-F09E-4C8E-B908-CF6C78E186EC}"
EndProject
Project("{FAE04EC0-301F-11D3-BF4B-00C04F79EFBC}") = "XForms.Controls", "..\src\XForms.Controls\XForms.Controls.csproj", "{98908059-F997-4268-A9C9-EE729C4BB893}"
EndProject
Project("{FAE04EC0-301F-11D3-BF4B-00C04F79EFBC}") = "XForms.Controls.iOS", "..\src\XForms.Controls.iOS\XForms.Controls.iOS.csproj", "{BC63DFA6-7231-49B2-AB9F-5211A4661074}"
EndProject
Project("{FAE04EC0-301F-11D3-BF4B-00C04F79EFBC}") = "XForms.Controls.Droid", "..\src\XForms.Controls.Droid\XForms.Controls.Droid.csproj", "{F7259845-3B19-473F-955E-CA6FFE006258}"
EndProject
Project("{FAE04EC0-301F-11D3-BF4B-00C04F79EFBC}") = "XForms.Controls.UWP", "..\src\XForms.Controls.UWP\XForms.Controls.UWP.csproj", "{7A614ED3-D435-4978-8821-6EAA6E65E8D4}"
EndProject
Global
	GlobalSection(SolutionConfigurationPlatforms) = preSolution
		Ad-Hoc|Any CPU = Ad-Hoc|Any CPU
		Ad-Hoc|ARM = Ad-Hoc|ARM
		Ad-Hoc|iPhone = Ad-Hoc|iPhone
		Ad-Hoc|iPhoneSimulator = Ad-Hoc|iPhoneSimulator
		Ad-Hoc|x64 = Ad-Hoc|x64
		Ad-Hoc|x86 = Ad-Hoc|x86
		AppStore|Any CPU = AppStore|Any CPU
		AppStore|ARM = AppStore|ARM
		AppStore|iPhone = AppStore|iPhone
		AppStore|iPhoneSimulator = AppStore|iPhoneSimulator
		AppStore|x64 = AppStore|x64
		AppStore|x86 = AppStore|x86
		Debug|Any CPU = Debug|Any CPU
		Debug|ARM = Debug|ARM
		Debug|iPhone = Debug|iPhone
		Debug|iPhoneSimulator = Debug|iPhoneSimulator
		Debug|x64 = Debug|x64
		Debug|x86 = Debug|x86
		Release|Any CPU = Release|Any CPU
		Release|ARM = Release|ARM
		Release|iPhone = Release|iPhone
		Release|iPhoneSimulator = Release|iPhoneSimulator
		Release|x64 = Release|x64
		Release|x86 = Release|x86
	EndGlobalSection
	GlobalSection(ProjectConfigurationPlatforms) = postSolution
		{C3F0F9DD-6F8C-4B9B-ABCB-4B59A15C7857}.Ad-Hoc|Any CPU.ActiveCfg = Release|Any CPU
		{C3F0F9DD-6F8C-4B9B-ABCB-4B59A15C7857}.Ad-Hoc|Any CPU.Build.0 = Release|Any CPU
		{C3F0F9DD-6F8C-4B9B-ABCB-4B59A15C7857}.Ad-Hoc|Any CPU.Deploy.0 = Release|Any CPU
		{C3F0F9DD-6F8C-4B9B-ABCB-4B59A15C7857}.Ad-Hoc|ARM.ActiveCfg = Release|Any CPU
		{C3F0F9DD-6F8C-4B9B-ABCB-4B59A15C7857}.Ad-Hoc|ARM.Build.0 = Release|Any CPU
		{C3F0F9DD-6F8C-4B9B-ABCB-4B59A15C7857}.Ad-Hoc|ARM.Deploy.0 = Release|Any CPU
		{C3F0F9DD-6F8C-4B9B-ABCB-4B59A15C7857}.Ad-Hoc|iPhone.ActiveCfg = Release|Any CPU
		{C3F0F9DD-6F8C-4B9B-ABCB-4B59A15C7857}.Ad-Hoc|iPhone.Build.0 = Release|Any CPU
		{C3F0F9DD-6F8C-4B9B-ABCB-4B59A15C7857}.Ad-Hoc|iPhone.Deploy.0 = Release|Any CPU
		{C3F0F9DD-6F8C-4B9B-ABCB-4B59A15C7857}.Ad-Hoc|iPhoneSimulator.ActiveCfg = Release|Any CPU
		{C3F0F9DD-6F8C-4B9B-ABCB-4B59A15C7857}.Ad-Hoc|iPhoneSimulator.Build.0 = Release|Any CPU
		{C3F0F9DD-6F8C-4B9B-ABCB-4B59A15C7857}.Ad-Hoc|iPhoneSimulator.Deploy.0 = Release|Any CPU
		{C3F0F9DD-6F8C-4B9B-ABCB-4B59A15C7857}.Ad-Hoc|x64.ActiveCfg = Release|Any CPU
		{C3F0F9DD-6F8C-4B9B-ABCB-4B59A15C7857}.Ad-Hoc|x64.Build.0 = Release|Any CPU
		{C3F0F9DD-6F8C-4B9B-ABCB-4B59A15C7857}.Ad-Hoc|x64.Deploy.0 = Release|Any CPU
		{C3F0F9DD-6F8C-4B9B-ABCB-4B59A15C7857}.Ad-Hoc|x86.ActiveCfg = Release|Any CPU
		{C3F0F9DD-6F8C-4B9B-ABCB-4B59A15C7857}.Ad-Hoc|x86.Build.0 = Release|Any CPU
		{C3F0F9DD-6F8C-4B9B-ABCB-4B59A15C7857}.Ad-Hoc|x86.Deploy.0 = Release|Any CPU
		{C3F0F9DD-6F8C-4B9B-ABCB-4B59A15C7857}.AppStore|Any CPU.ActiveCfg = Release|Any CPU
		{C3F0F9DD-6F8C-4B9B-ABCB-4B59A15C7857}.AppStore|Any CPU.Build.0 = Release|Any CPU
		{C3F0F9DD-6F8C-4B9B-ABCB-4B59A15C7857}.AppStore|Any CPU.Deploy.0 = Release|Any CPU
		{C3F0F9DD-6F8C-4B9B-ABCB-4B59A15C7857}.AppStore|ARM.ActiveCfg = Release|Any CPU
		{C3F0F9DD-6F8C-4B9B-ABCB-4B59A15C7857}.AppStore|ARM.Build.0 = Release|Any CPU
		{C3F0F9DD-6F8C-4B9B-ABCB-4B59A15C7857}.AppStore|ARM.Deploy.0 = Release|Any CPU
		{C3F0F9DD-6F8C-4B9B-ABCB-4B59A15C7857}.AppStore|iPhone.ActiveCfg = Release|Any CPU
		{C3F0F9DD-6F8C-4B9B-ABCB-4B59A15C7857}.AppStore|iPhone.Build.0 = Release|Any CPU
		{C3F0F9DD-6F8C-4B9B-ABCB-4B59A15C7857}.AppStore|iPhone.Deploy.0 = Release|Any CPU
		{C3F0F9DD-6F8C-4B9B-ABCB-4B59A15C7857}.AppStore|iPhoneSimulator.ActiveCfg = Release|Any CPU
		{C3F0F9DD-6F8C-4B9B-ABCB-4B59A15C7857}.AppStore|iPhoneSimulator.Build.0 = Release|Any CPU
		{C3F0F9DD-6F8C-4B9B-ABCB-4B59A15C7857}.AppStore|iPhoneSimulator.Deploy.0 = Release|Any CPU
		{C3F0F9DD-6F8C-4B9B-ABCB-4B59A15C7857}.AppStore|x64.ActiveCfg = Release|Any CPU
		{C3F0F9DD-6F8C-4B9B-ABCB-4B59A15C7857}.AppStore|x64.Build.0 = Release|Any CPU
		{C3F0F9DD-6F8C-4B9B-ABCB-4B59A15C7857}.AppStore|x64.Deploy.0 = Release|Any CPU
		{C3F0F9DD-6F8C-4B9B-ABCB-4B59A15C7857}.AppStore|x86.ActiveCfg = Release|Any CPU
		{C3F0F9DD-6F8C-4B9B-ABCB-4B59A15C7857}.AppStore|x86.Build.0 = Release|Any CPU
		{C3F0F9DD-6F8C-4B9B-ABCB-4B59A15C7857}.AppStore|x86.Deploy.0 = Release|Any CPU
		{C3F0F9DD-6F8C-4B9B-ABCB-4B59A15C7857}.Debug|Any CPU.ActiveCfg = Debug|Any CPU
		{C3F0F9DD-6F8C-4B9B-ABCB-4B59A15C7857}.Debug|Any CPU.Build.0 = Debug|Any CPU
		{C3F0F9DD-6F8C-4B9B-ABCB-4B59A15C7857}.Debug|Any CPU.Deploy.0 = Debug|Any CPU
		{C3F0F9DD-6F8C-4B9B-ABCB-4B59A15C7857}.Debug|ARM.ActiveCfg = Debug|Any CPU
		{C3F0F9DD-6F8C-4B9B-ABCB-4B59A15C7857}.Debug|ARM.Build.0 = Debug|Any CPU
		{C3F0F9DD-6F8C-4B9B-ABCB-4B59A15C7857}.Debug|ARM.Deploy.0 = Debug|Any CPU
		{C3F0F9DD-6F8C-4B9B-ABCB-4B59A15C7857}.Debug|iPhone.ActiveCfg = Debug|Any CPU
		{C3F0F9DD-6F8C-4B9B-ABCB-4B59A15C7857}.Debug|iPhone.Build.0 = Debug|Any CPU
		{C3F0F9DD-6F8C-4B9B-ABCB-4B59A15C7857}.Debug|iPhone.Deploy.0 = Debug|Any CPU
		{C3F0F9DD-6F8C-4B9B-ABCB-4B59A15C7857}.Debug|iPhoneSimulator.ActiveCfg = Debug|Any CPU
		{C3F0F9DD-6F8C-4B9B-ABCB-4B59A15C7857}.Debug|iPhoneSimulator.Build.0 = Debug|Any CPU
		{C3F0F9DD-6F8C-4B9B-ABCB-4B59A15C7857}.Debug|iPhoneSimulator.Deploy.0 = Debug|Any CPU
		{C3F0F9DD-6F8C-4B9B-ABCB-4B59A15C7857}.Debug|x64.ActiveCfg = Debug|Any CPU
		{C3F0F9DD-6F8C-4B9B-ABCB-4B59A15C7857}.Debug|x64.Build.0 = Debug|Any CPU
		{C3F0F9DD-6F8C-4B9B-ABCB-4B59A15C7857}.Debug|x64.Deploy.0 = Debug|Any CPU
		{C3F0F9DD-6F8C-4B9B-ABCB-4B59A15C7857}.Debug|x86.ActiveCfg = Debug|Any CPU
		{C3F0F9DD-6F8C-4B9B-ABCB-4B59A15C7857}.Debug|x86.Build.0 = Debug|Any CPU
		{C3F0F9DD-6F8C-4B9B-ABCB-4B59A15C7857}.Debug|x86.Deploy.0 = Debug|Any CPU
		{C3F0F9DD-6F8C-4B9B-ABCB-4B59A15C7857}.Release|Any CPU.ActiveCfg = Release|Any CPU
		{C3F0F9DD-6F8C-4B9B-ABCB-4B59A15C7857}.Release|Any CPU.Build.0 = Release|Any CPU
		{C3F0F9DD-6F8C-4B9B-ABCB-4B59A15C7857}.Release|Any CPU.Deploy.0 = Release|Any CPU
		{C3F0F9DD-6F8C-4B9B-ABCB-4B59A15C7857}.Release|ARM.ActiveCfg = Release|Any CPU
		{C3F0F9DD-6F8C-4B9B-ABCB-4B59A15C7857}.Release|ARM.Build.0 = Release|Any CPU
		{C3F0F9DD-6F8C-4B9B-ABCB-4B59A15C7857}.Release|ARM.Deploy.0 = Release|Any CPU
		{C3F0F9DD-6F8C-4B9B-ABCB-4B59A15C7857}.Release|iPhone.ActiveCfg = Release|Any CPU
		{C3F0F9DD-6F8C-4B9B-ABCB-4B59A15C7857}.Release|iPhone.Build.0 = Release|Any CPU
		{C3F0F9DD-6F8C-4B9B-ABCB-4B59A15C7857}.Release|iPhone.Deploy.0 = Release|Any CPU
		{C3F0F9DD-6F8C-4B9B-ABCB-4B59A15C7857}.Release|iPhoneSimulator.ActiveCfg = Release|Any CPU
		{C3F0F9DD-6F8C-4B9B-ABCB-4B59A15C7857}.Release|iPhoneSimulator.Build.0 = Release|Any CPU
		{C3F0F9DD-6F8C-4B9B-ABCB-4B59A15C7857}.Release|iPhoneSimulator.Deploy.0 = Release|Any CPU
		{C3F0F9DD-6F8C-4B9B-ABCB-4B59A15C7857}.Release|x64.ActiveCfg = Release|Any CPU
		{C3F0F9DD-6F8C-4B9B-ABCB-4B59A15C7857}.Release|x64.Build.0 = Release|Any CPU
		{C3F0F9DD-6F8C-4B9B-ABCB-4B59A15C7857}.Release|x64.Deploy.0 = Release|Any CPU
		{C3F0F9DD-6F8C-4B9B-ABCB-4B59A15C7857}.Release|x86.ActiveCfg = Release|Any CPU
		{C3F0F9DD-6F8C-4B9B-ABCB-4B59A15C7857}.Release|x86.Build.0 = Release|Any CPU
		{C3F0F9DD-6F8C-4B9B-ABCB-4B59A15C7857}.Release|x86.Deploy.0 = Release|Any CPU
		{0E03175E-9608-42E7-B01A-839626DFE504}.Ad-Hoc|Any CPU.ActiveCfg = Ad-Hoc|iPhone
		{0E03175E-9608-42E7-B01A-839626DFE504}.Ad-Hoc|ARM.ActiveCfg = Ad-Hoc|iPhone
		{0E03175E-9608-42E7-B01A-839626DFE504}.Ad-Hoc|iPhone.ActiveCfg = Ad-Hoc|iPhone
		{0E03175E-9608-42E7-B01A-839626DFE504}.Ad-Hoc|iPhone.Build.0 = Ad-Hoc|iPhone
		{0E03175E-9608-42E7-B01A-839626DFE504}.Ad-Hoc|iPhoneSimulator.ActiveCfg = Ad-Hoc|iPhoneSimulator
		{0E03175E-9608-42E7-B01A-839626DFE504}.Ad-Hoc|iPhoneSimulator.Build.0 = Ad-Hoc|iPhoneSimulator
		{0E03175E-9608-42E7-B01A-839626DFE504}.Ad-Hoc|x64.ActiveCfg = Ad-Hoc|iPhone
		{0E03175E-9608-42E7-B01A-839626DFE504}.Ad-Hoc|x86.ActiveCfg = Ad-Hoc|iPhone
		{0E03175E-9608-42E7-B01A-839626DFE504}.AppStore|Any CPU.ActiveCfg = AppStore|iPhone
		{0E03175E-9608-42E7-B01A-839626DFE504}.AppStore|ARM.ActiveCfg = AppStore|iPhone
		{0E03175E-9608-42E7-B01A-839626DFE504}.AppStore|iPhone.ActiveCfg = AppStore|iPhone
		{0E03175E-9608-42E7-B01A-839626DFE504}.AppStore|iPhone.Build.0 = AppStore|iPhone
		{0E03175E-9608-42E7-B01A-839626DFE504}.AppStore|iPhoneSimulator.ActiveCfg = AppStore|iPhoneSimulator
		{0E03175E-9608-42E7-B01A-839626DFE504}.AppStore|iPhoneSimulator.Build.0 = AppStore|iPhoneSimulator
		{0E03175E-9608-42E7-B01A-839626DFE504}.AppStore|x64.ActiveCfg = AppStore|iPhone
		{0E03175E-9608-42E7-B01A-839626DFE504}.AppStore|x86.ActiveCfg = AppStore|iPhone
		{0E03175E-9608-42E7-B01A-839626DFE504}.Debug|Any CPU.ActiveCfg = Debug|iPhone
		{0E03175E-9608-42E7-B01A-839626DFE504}.Debug|ARM.ActiveCfg = Debug|iPhone
		{0E03175E-9608-42E7-B01A-839626DFE504}.Debug|iPhone.ActiveCfg = Debug|iPhone
		{0E03175E-9608-42E7-B01A-839626DFE504}.Debug|iPhone.Build.0 = Debug|iPhone
		{0E03175E-9608-42E7-B01A-839626DFE504}.Debug|iPhoneSimulator.ActiveCfg = Debug|iPhoneSimulator
		{0E03175E-9608-42E7-B01A-839626DFE504}.Debug|iPhoneSimulator.Build.0 = Debug|iPhoneSimulator
		{0E03175E-9608-42E7-B01A-839626DFE504}.Debug|x64.ActiveCfg = Debug|iPhone
		{0E03175E-9608-42E7-B01A-839626DFE504}.Debug|x86.ActiveCfg = Debug|iPhone
		{0E03175E-9608-42E7-B01A-839626DFE504}.Release|Any CPU.ActiveCfg = Release|iPhone
		{0E03175E-9608-42E7-B01A-839626DFE504}.Release|ARM.ActiveCfg = Release|iPhone
		{0E03175E-9608-42E7-B01A-839626DFE504}.Release|iPhone.ActiveCfg = Release|iPhone
		{0E03175E-9608-42E7-B01A-839626DFE504}.Release|iPhone.Build.0 = Release|iPhone
		{0E03175E-9608-42E7-B01A-839626DFE504}.Release|iPhoneSimulator.ActiveCfg = Release|iPhoneSimulator
		{0E03175E-9608-42E7-B01A-839626DFE504}.Release|iPhoneSimulator.Build.0 = Release|iPhoneSimulator
		{0E03175E-9608-42E7-B01A-839626DFE504}.Release|x64.ActiveCfg = Release|iPhone
		{0E03175E-9608-42E7-B01A-839626DFE504}.Release|x86.ActiveCfg = Release|iPhone
		{2CDBA174-BC81-43FA-B416-4A54AA197824}.Ad-Hoc|Any CPU.ActiveCfg = Release|Any CPU
		{2CDBA174-BC81-43FA-B416-4A54AA197824}.Ad-Hoc|Any CPU.Build.0 = Release|Any CPU
		{2CDBA174-BC81-43FA-B416-4A54AA197824}.Ad-Hoc|Any CPU.Deploy.0 = Release|Any CPU
		{2CDBA174-BC81-43FA-B416-4A54AA197824}.Ad-Hoc|ARM.ActiveCfg = Release|ARM
		{2CDBA174-BC81-43FA-B416-4A54AA197824}.Ad-Hoc|ARM.Build.0 = Release|ARM
		{2CDBA174-BC81-43FA-B416-4A54AA197824}.Ad-Hoc|ARM.Deploy.0 = Release|ARM
		{2CDBA174-BC81-43FA-B416-4A54AA197824}.Ad-Hoc|iPhone.ActiveCfg = Release|Any CPU
		{2CDBA174-BC81-43FA-B416-4A54AA197824}.Ad-Hoc|iPhone.Build.0 = Release|Any CPU
		{2CDBA174-BC81-43FA-B416-4A54AA197824}.Ad-Hoc|iPhone.Deploy.0 = Release|Any CPU
		{2CDBA174-BC81-43FA-B416-4A54AA197824}.Ad-Hoc|iPhoneSimulator.ActiveCfg = Release|Any CPU
		{2CDBA174-BC81-43FA-B416-4A54AA197824}.Ad-Hoc|iPhoneSimulator.Build.0 = Release|Any CPU
		{2CDBA174-BC81-43FA-B416-4A54AA197824}.Ad-Hoc|iPhoneSimulator.Deploy.0 = Release|Any CPU
		{2CDBA174-BC81-43FA-B416-4A54AA197824}.Ad-Hoc|x64.ActiveCfg = Release|Any CPU
		{2CDBA174-BC81-43FA-B416-4A54AA197824}.Ad-Hoc|x64.Build.0 = Release|Any CPU
		{2CDBA174-BC81-43FA-B416-4A54AA197824}.Ad-Hoc|x64.Deploy.0 = Release|Any CPU
		{2CDBA174-BC81-43FA-B416-4A54AA197824}.Ad-Hoc|x86.ActiveCfg = Release|x86
		{2CDBA174-BC81-43FA-B416-4A54AA197824}.Ad-Hoc|x86.Build.0 = Release|x86
		{2CDBA174-BC81-43FA-B416-4A54AA197824}.Ad-Hoc|x86.Deploy.0 = Release|x86
		{2CDBA174-BC81-43FA-B416-4A54AA197824}.AppStore|Any CPU.ActiveCfg = Release|Any CPU
		{2CDBA174-BC81-43FA-B416-4A54AA197824}.AppStore|Any CPU.Build.0 = Release|Any CPU
		{2CDBA174-BC81-43FA-B416-4A54AA197824}.AppStore|Any CPU.Deploy.0 = Release|Any CPU
		{2CDBA174-BC81-43FA-B416-4A54AA197824}.AppStore|ARM.ActiveCfg = Release|ARM
		{2CDBA174-BC81-43FA-B416-4A54AA197824}.AppStore|ARM.Build.0 = Release|ARM
		{2CDBA174-BC81-43FA-B416-4A54AA197824}.AppStore|ARM.Deploy.0 = Release|ARM
		{2CDBA174-BC81-43FA-B416-4A54AA197824}.AppStore|iPhone.ActiveCfg = Release|Any CPU
		{2CDBA174-BC81-43FA-B416-4A54AA197824}.AppStore|iPhone.Build.0 = Release|Any CPU
		{2CDBA174-BC81-43FA-B416-4A54AA197824}.AppStore|iPhone.Deploy.0 = Release|Any CPU
		{2CDBA174-BC81-43FA-B416-4A54AA197824}.AppStore|iPhoneSimulator.ActiveCfg = Release|Any CPU
		{2CDBA174-BC81-43FA-B416-4A54AA197824}.AppStore|iPhoneSimulator.Build.0 = Release|Any CPU
		{2CDBA174-BC81-43FA-B416-4A54AA197824}.AppStore|iPhoneSimulator.Deploy.0 = Release|Any CPU
		{2CDBA174-BC81-43FA-B416-4A54AA197824}.AppStore|x64.ActiveCfg = Release|Any CPU
		{2CDBA174-BC81-43FA-B416-4A54AA197824}.AppStore|x64.Build.0 = Release|Any CPU
		{2CDBA174-BC81-43FA-B416-4A54AA197824}.AppStore|x64.Deploy.0 = Release|Any CPU
		{2CDBA174-BC81-43FA-B416-4A54AA197824}.AppStore|x86.ActiveCfg = Release|x86
		{2CDBA174-BC81-43FA-B416-4A54AA197824}.AppStore|x86.Build.0 = Release|x86
		{2CDBA174-BC81-43FA-B416-4A54AA197824}.AppStore|x86.Deploy.0 = Release|x86
		{2CDBA174-BC81-43FA-B416-4A54AA197824}.Debug|Any CPU.ActiveCfg = Debug|Any CPU
		{2CDBA174-BC81-43FA-B416-4A54AA197824}.Debug|Any CPU.Build.0 = Debug|Any CPU
		{2CDBA174-BC81-43FA-B416-4A54AA197824}.Debug|Any CPU.Deploy.0 = Debug|Any CPU
		{2CDBA174-BC81-43FA-B416-4A54AA197824}.Debug|ARM.ActiveCfg = Debug|ARM
		{2CDBA174-BC81-43FA-B416-4A54AA197824}.Debug|ARM.Build.0 = Debug|ARM
		{2CDBA174-BC81-43FA-B416-4A54AA197824}.Debug|ARM.Deploy.0 = Debug|ARM
		{2CDBA174-BC81-43FA-B416-4A54AA197824}.Debug|iPhone.ActiveCfg = Debug|Any CPU
		{2CDBA174-BC81-43FA-B416-4A54AA197824}.Debug|iPhone.Build.0 = Debug|Any CPU
		{2CDBA174-BC81-43FA-B416-4A54AA197824}.Debug|iPhone.Deploy.0 = Debug|Any CPU
		{2CDBA174-BC81-43FA-B416-4A54AA197824}.Debug|iPhoneSimulator.ActiveCfg = Debug|Any CPU
		{2CDBA174-BC81-43FA-B416-4A54AA197824}.Debug|iPhoneSimulator.Build.0 = Debug|Any CPU
		{2CDBA174-BC81-43FA-B416-4A54AA197824}.Debug|iPhoneSimulator.Deploy.0 = Debug|Any CPU
		{2CDBA174-BC81-43FA-B416-4A54AA197824}.Debug|x64.ActiveCfg = Debug|Any CPU
		{2CDBA174-BC81-43FA-B416-4A54AA197824}.Debug|x64.Build.0 = Debug|Any CPU
		{2CDBA174-BC81-43FA-B416-4A54AA197824}.Debug|x64.Deploy.0 = Debug|Any CPU
		{2CDBA174-BC81-43FA-B416-4A54AA197824}.Debug|x86.ActiveCfg = Debug|x86
		{2CDBA174-BC81-43FA-B416-4A54AA197824}.Debug|x86.Build.0 = Debug|x86
		{2CDBA174-BC81-43FA-B416-4A54AA197824}.Debug|x86.Deploy.0 = Debug|x86
		{2CDBA174-BC81-43FA-B416-4A54AA197824}.Release|Any CPU.ActiveCfg = Release|Any CPU
		{2CDBA174-BC81-43FA-B416-4A54AA197824}.Release|Any CPU.Build.0 = Release|Any CPU
		{2CDBA174-BC81-43FA-B416-4A54AA197824}.Release|Any CPU.Deploy.0 = Release|Any CPU
		{2CDBA174-BC81-43FA-B416-4A54AA197824}.Release|ARM.ActiveCfg = Release|ARM
		{2CDBA174-BC81-43FA-B416-4A54AA197824}.Release|ARM.Build.0 = Release|ARM
		{2CDBA174-BC81-43FA-B416-4A54AA197824}.Release|ARM.Deploy.0 = Release|ARM
		{2CDBA174-BC81-43FA-B416-4A54AA197824}.Release|iPhone.ActiveCfg = Release|Any CPU
		{2CDBA174-BC81-43FA-B416-4A54AA197824}.Release|iPhone.Build.0 = Release|Any CPU
		{2CDBA174-BC81-43FA-B416-4A54AA197824}.Release|iPhone.Deploy.0 = Release|Any CPU
		{2CDBA174-BC81-43FA-B416-4A54AA197824}.Release|iPhoneSimulator.ActiveCfg = Release|Any CPU
		{2CDBA174-BC81-43FA-B416-4A54AA197824}.Release|iPhoneSimulator.Build.0 = Release|Any CPU
		{2CDBA174-BC81-43FA-B416-4A54AA197824}.Release|iPhoneSimulator.Deploy.0 = Release|Any CPU
		{2CDBA174-BC81-43FA-B416-4A54AA197824}.Release|x64.ActiveCfg = Release|Any CPU
		{2CDBA174-BC81-43FA-B416-4A54AA197824}.Release|x64.Build.0 = Release|Any CPU
		{2CDBA174-BC81-43FA-B416-4A54AA197824}.Release|x64.Deploy.0 = Release|Any CPU
		{2CDBA174-BC81-43FA-B416-4A54AA197824}.Release|x86.ActiveCfg = Release|x86
		{2CDBA174-BC81-43FA-B416-4A54AA197824}.Release|x86.Build.0 = Release|x86
		{2CDBA174-BC81-43FA-B416-4A54AA197824}.Release|x86.Deploy.0 = Release|x86
		{1605F0CF-2B13-4E22-8742-78BAFF20137E}.Ad-Hoc|Any CPU.ActiveCfg = Release|x86
		{1605F0CF-2B13-4E22-8742-78BAFF20137E}.Ad-Hoc|Any CPU.Build.0 = Release|x86
		{1605F0CF-2B13-4E22-8742-78BAFF20137E}.Ad-Hoc|Any CPU.Deploy.0 = Release|x86
		{1605F0CF-2B13-4E22-8742-78BAFF20137E}.Ad-Hoc|ARM.ActiveCfg = Release|ARM
		{1605F0CF-2B13-4E22-8742-78BAFF20137E}.Ad-Hoc|ARM.Build.0 = Release|ARM
		{1605F0CF-2B13-4E22-8742-78BAFF20137E}.Ad-Hoc|ARM.Deploy.0 = Release|ARM
		{1605F0CF-2B13-4E22-8742-78BAFF20137E}.Ad-Hoc|iPhone.ActiveCfg = Release|x86
		{1605F0CF-2B13-4E22-8742-78BAFF20137E}.Ad-Hoc|iPhone.Build.0 = Release|x86
		{1605F0CF-2B13-4E22-8742-78BAFF20137E}.Ad-Hoc|iPhone.Deploy.0 = Release|x86
		{1605F0CF-2B13-4E22-8742-78BAFF20137E}.Ad-Hoc|iPhoneSimulator.ActiveCfg = Release|x86
		{1605F0CF-2B13-4E22-8742-78BAFF20137E}.Ad-Hoc|iPhoneSimulator.Build.0 = Release|x86
		{1605F0CF-2B13-4E22-8742-78BAFF20137E}.Ad-Hoc|iPhoneSimulator.Deploy.0 = Release|x86
		{1605F0CF-2B13-4E22-8742-78BAFF20137E}.Ad-Hoc|x64.ActiveCfg = Release|x64
		{1605F0CF-2B13-4E22-8742-78BAFF20137E}.Ad-Hoc|x64.Build.0 = Release|x64
		{1605F0CF-2B13-4E22-8742-78BAFF20137E}.Ad-Hoc|x64.Deploy.0 = Release|x64
		{1605F0CF-2B13-4E22-8742-78BAFF20137E}.Ad-Hoc|x86.ActiveCfg = Release|x86
		{1605F0CF-2B13-4E22-8742-78BAFF20137E}.Ad-Hoc|x86.Build.0 = Release|x86
		{1605F0CF-2B13-4E22-8742-78BAFF20137E}.Ad-Hoc|x86.Deploy.0 = Release|x86
		{1605F0CF-2B13-4E22-8742-78BAFF20137E}.AppStore|Any CPU.ActiveCfg = Release|x86
		{1605F0CF-2B13-4E22-8742-78BAFF20137E}.AppStore|Any CPU.Build.0 = Release|x86
		{1605F0CF-2B13-4E22-8742-78BAFF20137E}.AppStore|Any CPU.Deploy.0 = Release|x86
		{1605F0CF-2B13-4E22-8742-78BAFF20137E}.AppStore|ARM.ActiveCfg = Release|ARM
		{1605F0CF-2B13-4E22-8742-78BAFF20137E}.AppStore|ARM.Build.0 = Release|ARM
		{1605F0CF-2B13-4E22-8742-78BAFF20137E}.AppStore|ARM.Deploy.0 = Release|ARM
		{1605F0CF-2B13-4E22-8742-78BAFF20137E}.AppStore|iPhone.ActiveCfg = Release|x86
		{1605F0CF-2B13-4E22-8742-78BAFF20137E}.AppStore|iPhone.Build.0 = Release|x86
		{1605F0CF-2B13-4E22-8742-78BAFF20137E}.AppStore|iPhone.Deploy.0 = Release|x86
		{1605F0CF-2B13-4E22-8742-78BAFF20137E}.AppStore|iPhoneSimulator.ActiveCfg = Release|x86
		{1605F0CF-2B13-4E22-8742-78BAFF20137E}.AppStore|iPhoneSimulator.Build.0 = Release|x86
		{1605F0CF-2B13-4E22-8742-78BAFF20137E}.AppStore|iPhoneSimulator.Deploy.0 = Release|x86
		{1605F0CF-2B13-4E22-8742-78BAFF20137E}.AppStore|x64.ActiveCfg = Release|x64
		{1605F0CF-2B13-4E22-8742-78BAFF20137E}.AppStore|x64.Build.0 = Release|x64
		{1605F0CF-2B13-4E22-8742-78BAFF20137E}.AppStore|x64.Deploy.0 = Release|x64
		{1605F0CF-2B13-4E22-8742-78BAFF20137E}.AppStore|x86.ActiveCfg = Release|x86
		{1605F0CF-2B13-4E22-8742-78BAFF20137E}.AppStore|x86.Build.0 = Release|x86
		{1605F0CF-2B13-4E22-8742-78BAFF20137E}.AppStore|x86.Deploy.0 = Release|x86
		{1605F0CF-2B13-4E22-8742-78BAFF20137E}.Debug|Any CPU.ActiveCfg = Debug|x86
		{1605F0CF-2B13-4E22-8742-78BAFF20137E}.Debug|Any CPU.Build.0 = Debug|x86
		{1605F0CF-2B13-4E22-8742-78BAFF20137E}.Debug|Any CPU.Deploy.0 = Debug|x86
		{1605F0CF-2B13-4E22-8742-78BAFF20137E}.Debug|ARM.ActiveCfg = Debug|ARM
		{1605F0CF-2B13-4E22-8742-78BAFF20137E}.Debug|ARM.Build.0 = Debug|ARM
		{1605F0CF-2B13-4E22-8742-78BAFF20137E}.Debug|ARM.Deploy.0 = Debug|ARM
		{1605F0CF-2B13-4E22-8742-78BAFF20137E}.Debug|iPhone.ActiveCfg = Debug|x86
		{1605F0CF-2B13-4E22-8742-78BAFF20137E}.Debug|iPhoneSimulator.ActiveCfg = Debug|x86
		{1605F0CF-2B13-4E22-8742-78BAFF20137E}.Debug|x64.ActiveCfg = Debug|x64
		{1605F0CF-2B13-4E22-8742-78BAFF20137E}.Debug|x64.Build.0 = Debug|x64
		{1605F0CF-2B13-4E22-8742-78BAFF20137E}.Debug|x64.Deploy.0 = Debug|x64
		{1605F0CF-2B13-4E22-8742-78BAFF20137E}.Debug|x86.ActiveCfg = Debug|x86
		{1605F0CF-2B13-4E22-8742-78BAFF20137E}.Debug|x86.Build.0 = Debug|x86
		{1605F0CF-2B13-4E22-8742-78BAFF20137E}.Debug|x86.Deploy.0 = Debug|x86
		{1605F0CF-2B13-4E22-8742-78BAFF20137E}.Release|Any CPU.ActiveCfg = Release|x86
		{1605F0CF-2B13-4E22-8742-78BAFF20137E}.Release|ARM.ActiveCfg = Release|ARM
		{1605F0CF-2B13-4E22-8742-78BAFF20137E}.Release|ARM.Build.0 = Release|ARM
		{1605F0CF-2B13-4E22-8742-78BAFF20137E}.Release|ARM.Deploy.0 = Release|ARM
		{1605F0CF-2B13-4E22-8742-78BAFF20137E}.Release|iPhone.ActiveCfg = Release|x86
		{1605F0CF-2B13-4E22-8742-78BAFF20137E}.Release|iPhoneSimulator.ActiveCfg = Release|x86
		{1605F0CF-2B13-4E22-8742-78BAFF20137E}.Release|x64.ActiveCfg = Release|x64
		{1605F0CF-2B13-4E22-8742-78BAFF20137E}.Release|x64.Build.0 = Release|x64
		{1605F0CF-2B13-4E22-8742-78BAFF20137E}.Release|x64.Deploy.0 = Release|x64
		{1605F0CF-2B13-4E22-8742-78BAFF20137E}.Release|x86.ActiveCfg = Release|x86
		{1605F0CF-2B13-4E22-8742-78BAFF20137E}.Release|x86.Build.0 = Release|x86
		{1605F0CF-2B13-4E22-8742-78BAFF20137E}.Release|x86.Deploy.0 = Release|x86
		{75E5C7F3-B636-4723-BA41-9304175E0F70}.Ad-Hoc|Any CPU.ActiveCfg = Release|Any CPU
		{75E5C7F3-B636-4723-BA41-9304175E0F70}.Ad-Hoc|Any CPU.Build.0 = Release|Any CPU
		{75E5C7F3-B636-4723-BA41-9304175E0F70}.Ad-Hoc|Any CPU.Deploy.0 = Release|Any CPU
		{75E5C7F3-B636-4723-BA41-9304175E0F70}.Ad-Hoc|ARM.ActiveCfg = Release|ARM
		{75E5C7F3-B636-4723-BA41-9304175E0F70}.Ad-Hoc|ARM.Build.0 = Release|ARM
		{75E5C7F3-B636-4723-BA41-9304175E0F70}.Ad-Hoc|ARM.Deploy.0 = Release|ARM
		{75E5C7F3-B636-4723-BA41-9304175E0F70}.Ad-Hoc|iPhone.ActiveCfg = Release|Any CPU
		{75E5C7F3-B636-4723-BA41-9304175E0F70}.Ad-Hoc|iPhone.Build.0 = Release|Any CPU
		{75E5C7F3-B636-4723-BA41-9304175E0F70}.Ad-Hoc|iPhone.Deploy.0 = Release|Any CPU
		{75E5C7F3-B636-4723-BA41-9304175E0F70}.Ad-Hoc|iPhoneSimulator.ActiveCfg = Release|Any CPU
		{75E5C7F3-B636-4723-BA41-9304175E0F70}.Ad-Hoc|iPhoneSimulator.Build.0 = Release|Any CPU
		{75E5C7F3-B636-4723-BA41-9304175E0F70}.Ad-Hoc|iPhoneSimulator.Deploy.0 = Release|Any CPU
		{75E5C7F3-B636-4723-BA41-9304175E0F70}.Ad-Hoc|x64.ActiveCfg = Release|x64
		{75E5C7F3-B636-4723-BA41-9304175E0F70}.Ad-Hoc|x64.Build.0 = Release|x64
		{75E5C7F3-B636-4723-BA41-9304175E0F70}.Ad-Hoc|x64.Deploy.0 = Release|x64
		{75E5C7F3-B636-4723-BA41-9304175E0F70}.Ad-Hoc|x86.ActiveCfg = Release|x86
		{75E5C7F3-B636-4723-BA41-9304175E0F70}.Ad-Hoc|x86.Build.0 = Release|x86
		{75E5C7F3-B636-4723-BA41-9304175E0F70}.Ad-Hoc|x86.Deploy.0 = Release|x86
		{75E5C7F3-B636-4723-BA41-9304175E0F70}.AppStore|Any CPU.ActiveCfg = Release|Any CPU
		{75E5C7F3-B636-4723-BA41-9304175E0F70}.AppStore|Any CPU.Build.0 = Release|Any CPU
		{75E5C7F3-B636-4723-BA41-9304175E0F70}.AppStore|Any CPU.Deploy.0 = Release|Any CPU
		{75E5C7F3-B636-4723-BA41-9304175E0F70}.AppStore|ARM.ActiveCfg = Release|ARM
		{75E5C7F3-B636-4723-BA41-9304175E0F70}.AppStore|ARM.Build.0 = Release|ARM
		{75E5C7F3-B636-4723-BA41-9304175E0F70}.AppStore|ARM.Deploy.0 = Release|ARM
		{75E5C7F3-B636-4723-BA41-9304175E0F70}.AppStore|iPhone.ActiveCfg = Release|Any CPU
		{75E5C7F3-B636-4723-BA41-9304175E0F70}.AppStore|iPhone.Build.0 = Release|Any CPU
		{75E5C7F3-B636-4723-BA41-9304175E0F70}.AppStore|iPhone.Deploy.0 = Release|Any CPU
		{75E5C7F3-B636-4723-BA41-9304175E0F70}.AppStore|iPhoneSimulator.ActiveCfg = Release|Any CPU
		{75E5C7F3-B636-4723-BA41-9304175E0F70}.AppStore|iPhoneSimulator.Build.0 = Release|Any CPU
		{75E5C7F3-B636-4723-BA41-9304175E0F70}.AppStore|iPhoneSimulator.Deploy.0 = Release|Any CPU
		{75E5C7F3-B636-4723-BA41-9304175E0F70}.AppStore|x64.ActiveCfg = Release|x64
		{75E5C7F3-B636-4723-BA41-9304175E0F70}.AppStore|x64.Build.0 = Release|x64
		{75E5C7F3-B636-4723-BA41-9304175E0F70}.AppStore|x64.Deploy.0 = Release|x64
		{75E5C7F3-B636-4723-BA41-9304175E0F70}.AppStore|x86.ActiveCfg = Release|x86
		{75E5C7F3-B636-4723-BA41-9304175E0F70}.AppStore|x86.Build.0 = Release|x86
		{75E5C7F3-B636-4723-BA41-9304175E0F70}.AppStore|x86.Deploy.0 = Release|x86
		{75E5C7F3-B636-4723-BA41-9304175E0F70}.Debug|Any CPU.ActiveCfg = Debug|Any CPU
		{75E5C7F3-B636-4723-BA41-9304175E0F70}.Debug|Any CPU.Build.0 = Debug|Any CPU
		{75E5C7F3-B636-4723-BA41-9304175E0F70}.Debug|Any CPU.Deploy.0 = Debug|Any CPU
		{75E5C7F3-B636-4723-BA41-9304175E0F70}.Debug|ARM.ActiveCfg = Debug|ARM
		{75E5C7F3-B636-4723-BA41-9304175E0F70}.Debug|ARM.Build.0 = Debug|ARM
		{75E5C7F3-B636-4723-BA41-9304175E0F70}.Debug|ARM.Deploy.0 = Debug|ARM
		{75E5C7F3-B636-4723-BA41-9304175E0F70}.Debug|iPhone.ActiveCfg = Debug|Any CPU
		{75E5C7F3-B636-4723-BA41-9304175E0F70}.Debug|iPhone.Build.0 = Debug|Any CPU
		{75E5C7F3-B636-4723-BA41-9304175E0F70}.Debug|iPhone.Deploy.0 = Debug|Any CPU
		{75E5C7F3-B636-4723-BA41-9304175E0F70}.Debug|iPhoneSimulator.ActiveCfg = Debug|Any CPU
		{75E5C7F3-B636-4723-BA41-9304175E0F70}.Debug|iPhoneSimulator.Build.0 = Debug|Any CPU
		{75E5C7F3-B636-4723-BA41-9304175E0F70}.Debug|iPhoneSimulator.Deploy.0 = Debug|Any CPU
		{75E5C7F3-B636-4723-BA41-9304175E0F70}.Debug|x64.ActiveCfg = Debug|x64
		{75E5C7F3-B636-4723-BA41-9304175E0F70}.Debug|x64.Build.0 = Debug|x64
		{75E5C7F3-B636-4723-BA41-9304175E0F70}.Debug|x64.Deploy.0 = Debug|x64
		{75E5C7F3-B636-4723-BA41-9304175E0F70}.Debug|x86.ActiveCfg = Debug|x86
		{75E5C7F3-B636-4723-BA41-9304175E0F70}.Debug|x86.Build.0 = Debug|x86
		{75E5C7F3-B636-4723-BA41-9304175E0F70}.Debug|x86.Deploy.0 = Debug|x86
		{75E5C7F3-B636-4723-BA41-9304175E0F70}.Release|Any CPU.ActiveCfg = Release|Any CPU
		{75E5C7F3-B636-4723-BA41-9304175E0F70}.Release|Any CPU.Build.0 = Release|Any CPU
		{75E5C7F3-B636-4723-BA41-9304175E0F70}.Release|Any CPU.Deploy.0 = Release|Any CPU
		{75E5C7F3-B636-4723-BA41-9304175E0F70}.Release|ARM.ActiveCfg = Release|ARM
		{75E5C7F3-B636-4723-BA41-9304175E0F70}.Release|ARM.Build.0 = Release|ARM
		{75E5C7F3-B636-4723-BA41-9304175E0F70}.Release|ARM.Deploy.0 = Release|ARM
		{75E5C7F3-B636-4723-BA41-9304175E0F70}.Release|iPhone.ActiveCfg = Release|Any CPU
		{75E5C7F3-B636-4723-BA41-9304175E0F70}.Release|iPhone.Build.0 = Release|Any CPU
		{75E5C7F3-B636-4723-BA41-9304175E0F70}.Release|iPhone.Deploy.0 = Release|Any CPU
		{75E5C7F3-B636-4723-BA41-9304175E0F70}.Release|iPhoneSimulator.ActiveCfg = Release|Any CPU
		{75E5C7F3-B636-4723-BA41-9304175E0F70}.Release|iPhoneSimulator.Build.0 = Release|Any CPU
		{75E5C7F3-B636-4723-BA41-9304175E0F70}.Release|iPhoneSimulator.Deploy.0 = Release|Any CPU
		{75E5C7F3-B636-4723-BA41-9304175E0F70}.Release|x64.ActiveCfg = Release|x64
		{75E5C7F3-B636-4723-BA41-9304175E0F70}.Release|x64.Build.0 = Release|x64
		{75E5C7F3-B636-4723-BA41-9304175E0F70}.Release|x64.Deploy.0 = Release|x64
		{75E5C7F3-B636-4723-BA41-9304175E0F70}.Release|x86.ActiveCfg = Release|x86
		{75E5C7F3-B636-4723-BA41-9304175E0F70}.Release|x86.Build.0 = Release|x86
		{75E5C7F3-B636-4723-BA41-9304175E0F70}.Release|x86.Deploy.0 = Release|x86
		{1C04E182-058A-487C-9EC5-3300CE4285AA}.Ad-Hoc|Any CPU.ActiveCfg = Release|Any CPU
		{1C04E182-058A-487C-9EC5-3300CE4285AA}.Ad-Hoc|Any CPU.Build.0 = Release|Any CPU
		{1C04E182-058A-487C-9EC5-3300CE4285AA}.Ad-Hoc|ARM.ActiveCfg = Release|Any CPU
		{1C04E182-058A-487C-9EC5-3300CE4285AA}.Ad-Hoc|ARM.Build.0 = Release|Any CPU
		{1C04E182-058A-487C-9EC5-3300CE4285AA}.Ad-Hoc|iPhone.ActiveCfg = Release|Any CPU
		{1C04E182-058A-487C-9EC5-3300CE4285AA}.Ad-Hoc|iPhone.Build.0 = Release|Any CPU
		{1C04E182-058A-487C-9EC5-3300CE4285AA}.Ad-Hoc|iPhoneSimulator.ActiveCfg = Release|Any CPU
		{1C04E182-058A-487C-9EC5-3300CE4285AA}.Ad-Hoc|iPhoneSimulator.Build.0 = Release|Any CPU
		{1C04E182-058A-487C-9EC5-3300CE4285AA}.Ad-Hoc|x64.ActiveCfg = Release|Any CPU
		{1C04E182-058A-487C-9EC5-3300CE4285AA}.Ad-Hoc|x64.Build.0 = Release|Any CPU
		{1C04E182-058A-487C-9EC5-3300CE4285AA}.Ad-Hoc|x86.ActiveCfg = Release|Any CPU
		{1C04E182-058A-487C-9EC5-3300CE4285AA}.Ad-Hoc|x86.Build.0 = Release|Any CPU
		{1C04E182-058A-487C-9EC5-3300CE4285AA}.AppStore|Any CPU.ActiveCfg = Release|Any CPU
		{1C04E182-058A-487C-9EC5-3300CE4285AA}.AppStore|Any CPU.Build.0 = Release|Any CPU
		{1C04E182-058A-487C-9EC5-3300CE4285AA}.AppStore|ARM.ActiveCfg = Release|Any CPU
		{1C04E182-058A-487C-9EC5-3300CE4285AA}.AppStore|ARM.Build.0 = Release|Any CPU
		{1C04E182-058A-487C-9EC5-3300CE4285AA}.AppStore|iPhone.ActiveCfg = Release|Any CPU
		{1C04E182-058A-487C-9EC5-3300CE4285AA}.AppStore|iPhone.Build.0 = Release|Any CPU
		{1C04E182-058A-487C-9EC5-3300CE4285AA}.AppStore|iPhoneSimulator.ActiveCfg = Release|Any CPU
		{1C04E182-058A-487C-9EC5-3300CE4285AA}.AppStore|iPhoneSimulator.Build.0 = Release|Any CPU
		{1C04E182-058A-487C-9EC5-3300CE4285AA}.AppStore|x64.ActiveCfg = Release|Any CPU
		{1C04E182-058A-487C-9EC5-3300CE4285AA}.AppStore|x64.Build.0 = Release|Any CPU
		{1C04E182-058A-487C-9EC5-3300CE4285AA}.AppStore|x86.ActiveCfg = Release|Any CPU
		{1C04E182-058A-487C-9EC5-3300CE4285AA}.AppStore|x86.Build.0 = Release|Any CPU
		{1C04E182-058A-487C-9EC5-3300CE4285AA}.Debug|Any CPU.ActiveCfg = Debug|Any CPU
		{1C04E182-058A-487C-9EC5-3300CE4285AA}.Debug|Any CPU.Build.0 = Debug|Any CPU
		{1C04E182-058A-487C-9EC5-3300CE4285AA}.Debug|ARM.ActiveCfg = Debug|Any CPU
		{1C04E182-058A-487C-9EC5-3300CE4285AA}.Debug|ARM.Build.0 = Debug|Any CPU
		{1C04E182-058A-487C-9EC5-3300CE4285AA}.Debug|iPhone.ActiveCfg = Debug|Any CPU
		{1C04E182-058A-487C-9EC5-3300CE4285AA}.Debug|iPhone.Build.0 = Debug|Any CPU
		{1C04E182-058A-487C-9EC5-3300CE4285AA}.Debug|iPhoneSimulator.ActiveCfg = Debug|Any CPU
		{1C04E182-058A-487C-9EC5-3300CE4285AA}.Debug|iPhoneSimulator.Build.0 = Debug|Any CPU
		{1C04E182-058A-487C-9EC5-3300CE4285AA}.Debug|x64.ActiveCfg = Debug|Any CPU
		{1C04E182-058A-487C-9EC5-3300CE4285AA}.Debug|x64.Build.0 = Debug|Any CPU
		{1C04E182-058A-487C-9EC5-3300CE4285AA}.Debug|x86.ActiveCfg = Debug|Any CPU
		{1C04E182-058A-487C-9EC5-3300CE4285AA}.Debug|x86.Build.0 = Debug|Any CPU
		{1C04E182-058A-487C-9EC5-3300CE4285AA}.Release|Any CPU.ActiveCfg = Release|Any CPU
		{1C04E182-058A-487C-9EC5-3300CE4285AA}.Release|Any CPU.Build.0 = Release|Any CPU
		{1C04E182-058A-487C-9EC5-3300CE4285AA}.Release|ARM.ActiveCfg = Release|Any CPU
		{1C04E182-058A-487C-9EC5-3300CE4285AA}.Release|ARM.Build.0 = Release|Any CPU
		{1C04E182-058A-487C-9EC5-3300CE4285AA}.Release|iPhone.ActiveCfg = Release|Any CPU
		{1C04E182-058A-487C-9EC5-3300CE4285AA}.Release|iPhone.Build.0 = Release|Any CPU
		{1C04E182-058A-487C-9EC5-3300CE4285AA}.Release|iPhoneSimulator.ActiveCfg = Release|Any CPU
		{1C04E182-058A-487C-9EC5-3300CE4285AA}.Release|iPhoneSimulator.Build.0 = Release|Any CPU
		{1C04E182-058A-487C-9EC5-3300CE4285AA}.Release|x64.ActiveCfg = Release|Any CPU
		{1C04E182-058A-487C-9EC5-3300CE4285AA}.Release|x64.Build.0 = Release|Any CPU
		{1C04E182-058A-487C-9EC5-3300CE4285AA}.Release|x86.ActiveCfg = Release|Any CPU
		{1C04E182-058A-487C-9EC5-3300CE4285AA}.Release|x86.Build.0 = Release|Any CPU
		{98908059-F997-4268-A9C9-EE729C4BB893}.Ad-Hoc|Any CPU.ActiveCfg = Release|Any CPU
		{98908059-F997-4268-A9C9-EE729C4BB893}.Ad-Hoc|Any CPU.Build.0 = Release|Any CPU
		{98908059-F997-4268-A9C9-EE729C4BB893}.Ad-Hoc|ARM.ActiveCfg = Release|Any CPU
		{98908059-F997-4268-A9C9-EE729C4BB893}.Ad-Hoc|ARM.Build.0 = Release|Any CPU
		{98908059-F997-4268-A9C9-EE729C4BB893}.Ad-Hoc|iPhone.ActiveCfg = Release|Any CPU
		{98908059-F997-4268-A9C9-EE729C4BB893}.Ad-Hoc|iPhone.Build.0 = Release|Any CPU
		{98908059-F997-4268-A9C9-EE729C4BB893}.Ad-Hoc|iPhoneSimulator.ActiveCfg = Release|Any CPU
		{98908059-F997-4268-A9C9-EE729C4BB893}.Ad-Hoc|iPhoneSimulator.Build.0 = Release|Any CPU
		{98908059-F997-4268-A9C9-EE729C4BB893}.Ad-Hoc|x64.ActiveCfg = Release|Any CPU
		{98908059-F997-4268-A9C9-EE729C4BB893}.Ad-Hoc|x64.Build.0 = Release|Any CPU
		{98908059-F997-4268-A9C9-EE729C4BB893}.Ad-Hoc|x86.ActiveCfg = Release|Any CPU
		{98908059-F997-4268-A9C9-EE729C4BB893}.Ad-Hoc|x86.Build.0 = Release|Any CPU
		{98908059-F997-4268-A9C9-EE729C4BB893}.AppStore|Any CPU.ActiveCfg = Release|Any CPU
		{98908059-F997-4268-A9C9-EE729C4BB893}.AppStore|Any CPU.Build.0 = Release|Any CPU
		{98908059-F997-4268-A9C9-EE729C4BB893}.AppStore|ARM.ActiveCfg = Release|Any CPU
		{98908059-F997-4268-A9C9-EE729C4BB893}.AppStore|ARM.Build.0 = Release|Any CPU
		{98908059-F997-4268-A9C9-EE729C4BB893}.AppStore|iPhone.ActiveCfg = Release|Any CPU
		{98908059-F997-4268-A9C9-EE729C4BB893}.AppStore|iPhone.Build.0 = Release|Any CPU
		{98908059-F997-4268-A9C9-EE729C4BB893}.AppStore|iPhoneSimulator.ActiveCfg = Release|Any CPU
		{98908059-F997-4268-A9C9-EE729C4BB893}.AppStore|iPhoneSimulator.Build.0 = Release|Any CPU
		{98908059-F997-4268-A9C9-EE729C4BB893}.AppStore|x64.ActiveCfg = Release|Any CPU
		{98908059-F997-4268-A9C9-EE729C4BB893}.AppStore|x64.Build.0 = Release|Any CPU
		{98908059-F997-4268-A9C9-EE729C4BB893}.AppStore|x86.ActiveCfg = Release|Any CPU
		{98908059-F997-4268-A9C9-EE729C4BB893}.AppStore|x86.Build.0 = Release|Any CPU
		{98908059-F997-4268-A9C9-EE729C4BB893}.Debug|Any CPU.ActiveCfg = Debug|Any CPU
		{98908059-F997-4268-A9C9-EE729C4BB893}.Debug|Any CPU.Build.0 = Debug|Any CPU
		{98908059-F997-4268-A9C9-EE729C4BB893}.Debug|ARM.ActiveCfg = Debug|Any CPU
		{98908059-F997-4268-A9C9-EE729C4BB893}.Debug|ARM.Build.0 = Debug|Any CPU
		{98908059-F997-4268-A9C9-EE729C4BB893}.Debug|iPhone.ActiveCfg = Debug|Any CPU
		{98908059-F997-4268-A9C9-EE729C4BB893}.Debug|iPhone.Build.0 = Debug|Any CPU
		{98908059-F997-4268-A9C9-EE729C4BB893}.Debug|iPhoneSimulator.ActiveCfg = Debug|Any CPU
		{98908059-F997-4268-A9C9-EE729C4BB893}.Debug|iPhoneSimulator.Build.0 = Debug|Any CPU
		{98908059-F997-4268-A9C9-EE729C4BB893}.Debug|x64.ActiveCfg = Debug|Any CPU
		{98908059-F997-4268-A9C9-EE729C4BB893}.Debug|x64.Build.0 = Debug|Any CPU
		{98908059-F997-4268-A9C9-EE729C4BB893}.Debug|x86.ActiveCfg = Debug|Any CPU
		{98908059-F997-4268-A9C9-EE729C4BB893}.Debug|x86.Build.0 = Debug|Any CPU
		{98908059-F997-4268-A9C9-EE729C4BB893}.Release|Any CPU.ActiveCfg = Release|Any CPU
		{98908059-F997-4268-A9C9-EE729C4BB893}.Release|Any CPU.Build.0 = Release|Any CPU
		{98908059-F997-4268-A9C9-EE729C4BB893}.Release|ARM.ActiveCfg = Release|Any CPU
		{98908059-F997-4268-A9C9-EE729C4BB893}.Release|ARM.Build.0 = Release|Any CPU
		{98908059-F997-4268-A9C9-EE729C4BB893}.Release|iPhone.ActiveCfg = Release|Any CPU
		{98908059-F997-4268-A9C9-EE729C4BB893}.Release|iPhone.Build.0 = Release|Any CPU
		{98908059-F997-4268-A9C9-EE729C4BB893}.Release|iPhoneSimulator.ActiveCfg = Release|Any CPU
		{98908059-F997-4268-A9C9-EE729C4BB893}.Release|iPhoneSimulator.Build.0 = Release|Any CPU
		{98908059-F997-4268-A9C9-EE729C4BB893}.Release|x64.ActiveCfg = Release|Any CPU
		{98908059-F997-4268-A9C9-EE729C4BB893}.Release|x64.Build.0 = Release|Any CPU
		{98908059-F997-4268-A9C9-EE729C4BB893}.Release|x86.ActiveCfg = Release|Any CPU
		{98908059-F997-4268-A9C9-EE729C4BB893}.Release|x86.Build.0 = Release|Any CPU
		{BC63DFA6-7231-49B2-AB9F-5211A4661074}.Ad-Hoc|Any CPU.ActiveCfg = AppStore|Any CPU
		{BC63DFA6-7231-49B2-AB9F-5211A4661074}.Ad-Hoc|Any CPU.Build.0 = AppStore|Any CPU
		{BC63DFA6-7231-49B2-AB9F-5211A4661074}.Ad-Hoc|ARM.ActiveCfg = AppStore|Any CPU
		{BC63DFA6-7231-49B2-AB9F-5211A4661074}.Ad-Hoc|ARM.Build.0 = AppStore|Any CPU
		{BC63DFA6-7231-49B2-AB9F-5211A4661074}.Ad-Hoc|iPhone.ActiveCfg = AppStore|Any CPU
		{BC63DFA6-7231-49B2-AB9F-5211A4661074}.Ad-Hoc|iPhone.Build.0 = AppStore|Any CPU
		{BC63DFA6-7231-49B2-AB9F-5211A4661074}.Ad-Hoc|iPhoneSimulator.ActiveCfg = AppStore|Any CPU
		{BC63DFA6-7231-49B2-AB9F-5211A4661074}.Ad-Hoc|iPhoneSimulator.Build.0 = AppStore|Any CPU
		{BC63DFA6-7231-49B2-AB9F-5211A4661074}.Ad-Hoc|x64.ActiveCfg = AppStore|Any CPU
		{BC63DFA6-7231-49B2-AB9F-5211A4661074}.Ad-Hoc|x64.Build.0 = AppStore|Any CPU
		{BC63DFA6-7231-49B2-AB9F-5211A4661074}.Ad-Hoc|x86.ActiveCfg = AppStore|Any CPU
		{BC63DFA6-7231-49B2-AB9F-5211A4661074}.Ad-Hoc|x86.Build.0 = AppStore|Any CPU
		{BC63DFA6-7231-49B2-AB9F-5211A4661074}.AppStore|Any CPU.ActiveCfg = AppStore|Any CPU
		{BC63DFA6-7231-49B2-AB9F-5211A4661074}.AppStore|Any CPU.Build.0 = AppStore|Any CPU
		{BC63DFA6-7231-49B2-AB9F-5211A4661074}.AppStore|ARM.ActiveCfg = AppStore|Any CPU
		{BC63DFA6-7231-49B2-AB9F-5211A4661074}.AppStore|ARM.Build.0 = AppStore|Any CPU
		{BC63DFA6-7231-49B2-AB9F-5211A4661074}.AppStore|iPhone.ActiveCfg = AppStore|Any CPU
		{BC63DFA6-7231-49B2-AB9F-5211A4661074}.AppStore|iPhone.Build.0 = AppStore|Any CPU
		{BC63DFA6-7231-49B2-AB9F-5211A4661074}.AppStore|iPhoneSimulator.ActiveCfg = AppStore|Any CPU
		{BC63DFA6-7231-49B2-AB9F-5211A4661074}.AppStore|iPhoneSimulator.Build.0 = AppStore|Any CPU
		{BC63DFA6-7231-49B2-AB9F-5211A4661074}.AppStore|x64.ActiveCfg = AppStore|Any CPU
		{BC63DFA6-7231-49B2-AB9F-5211A4661074}.AppStore|x64.Build.0 = AppStore|Any CPU
		{BC63DFA6-7231-49B2-AB9F-5211A4661074}.AppStore|x86.ActiveCfg = AppStore|Any CPU
		{BC63DFA6-7231-49B2-AB9F-5211A4661074}.AppStore|x86.Build.0 = AppStore|Any CPU
		{BC63DFA6-7231-49B2-AB9F-5211A4661074}.Debug|Any CPU.ActiveCfg = Debug|Any CPU
		{BC63DFA6-7231-49B2-AB9F-5211A4661074}.Debug|Any CPU.Build.0 = Debug|Any CPU
		{BC63DFA6-7231-49B2-AB9F-5211A4661074}.Debug|ARM.ActiveCfg = Debug|Any CPU
		{BC63DFA6-7231-49B2-AB9F-5211A4661074}.Debug|ARM.Build.0 = Debug|Any CPU
		{BC63DFA6-7231-49B2-AB9F-5211A4661074}.Debug|iPhone.ActiveCfg = Debug|Any CPU
		{BC63DFA6-7231-49B2-AB9F-5211A4661074}.Debug|iPhone.Build.0 = Debug|Any CPU
		{BC63DFA6-7231-49B2-AB9F-5211A4661074}.Debug|iPhoneSimulator.ActiveCfg = Debug|Any CPU
		{BC63DFA6-7231-49B2-AB9F-5211A4661074}.Debug|iPhoneSimulator.Build.0 = Debug|Any CPU
		{BC63DFA6-7231-49B2-AB9F-5211A4661074}.Debug|x64.ActiveCfg = Debug|Any CPU
		{BC63DFA6-7231-49B2-AB9F-5211A4661074}.Debug|x64.Build.0 = Debug|Any CPU
		{BC63DFA6-7231-49B2-AB9F-5211A4661074}.Debug|x86.ActiveCfg = Debug|Any CPU
		{BC63DFA6-7231-49B2-AB9F-5211A4661074}.Debug|x86.Build.0 = Debug|Any CPU
		{BC63DFA6-7231-49B2-AB9F-5211A4661074}.Release|Any CPU.ActiveCfg = Release|Any CPU
		{BC63DFA6-7231-49B2-AB9F-5211A4661074}.Release|Any CPU.Build.0 = Release|Any CPU
		{BC63DFA6-7231-49B2-AB9F-5211A4661074}.Release|ARM.ActiveCfg = Release|Any CPU
		{BC63DFA6-7231-49B2-AB9F-5211A4661074}.Release|ARM.Build.0 = Release|Any CPU
		{BC63DFA6-7231-49B2-AB9F-5211A4661074}.Release|iPhone.ActiveCfg = Release|Any CPU
		{BC63DFA6-7231-49B2-AB9F-5211A4661074}.Release|iPhone.Build.0 = Release|Any CPU
		{BC63DFA6-7231-49B2-AB9F-5211A4661074}.Release|iPhoneSimulator.ActiveCfg = Release|Any CPU
		{BC63DFA6-7231-49B2-AB9F-5211A4661074}.Release|iPhoneSimulator.Build.0 = Release|Any CPU
		{BC63DFA6-7231-49B2-AB9F-5211A4661074}.Release|x64.ActiveCfg = Release|Any CPU
		{BC63DFA6-7231-49B2-AB9F-5211A4661074}.Release|x64.Build.0 = Release|Any CPU
		{BC63DFA6-7231-49B2-AB9F-5211A4661074}.Release|x86.ActiveCfg = Release|Any CPU
		{BC63DFA6-7231-49B2-AB9F-5211A4661074}.Release|x86.Build.0 = Release|Any CPU
		{F7259845-3B19-473F-955E-CA6FFE006258}.Ad-Hoc|Any CPU.ActiveCfg = Release|Any CPU
		{F7259845-3B19-473F-955E-CA6FFE006258}.Ad-Hoc|Any CPU.Build.0 = Release|Any CPU
		{F7259845-3B19-473F-955E-CA6FFE006258}.Ad-Hoc|ARM.ActiveCfg = Release|Any CPU
		{F7259845-3B19-473F-955E-CA6FFE006258}.Ad-Hoc|ARM.Build.0 = Release|Any CPU
		{F7259845-3B19-473F-955E-CA6FFE006258}.Ad-Hoc|iPhone.ActiveCfg = Release|Any CPU
		{F7259845-3B19-473F-955E-CA6FFE006258}.Ad-Hoc|iPhone.Build.0 = Release|Any CPU
		{F7259845-3B19-473F-955E-CA6FFE006258}.Ad-Hoc|iPhoneSimulator.ActiveCfg = Release|Any CPU
		{F7259845-3B19-473F-955E-CA6FFE006258}.Ad-Hoc|iPhoneSimulator.Build.0 = Release|Any CPU
		{F7259845-3B19-473F-955E-CA6FFE006258}.Ad-Hoc|x64.ActiveCfg = Release|Any CPU
		{F7259845-3B19-473F-955E-CA6FFE006258}.Ad-Hoc|x64.Build.0 = Release|Any CPU
		{F7259845-3B19-473F-955E-CA6FFE006258}.Ad-Hoc|x86.ActiveCfg = Release|Any CPU
		{F7259845-3B19-473F-955E-CA6FFE006258}.Ad-Hoc|x86.Build.0 = Release|Any CPU
		{F7259845-3B19-473F-955E-CA6FFE006258}.AppStore|Any CPU.ActiveCfg = Release|Any CPU
		{F7259845-3B19-473F-955E-CA6FFE006258}.AppStore|Any CPU.Build.0 = Release|Any CPU
		{F7259845-3B19-473F-955E-CA6FFE006258}.AppStore|ARM.ActiveCfg = Release|Any CPU
		{F7259845-3B19-473F-955E-CA6FFE006258}.AppStore|ARM.Build.0 = Release|Any CPU
		{F7259845-3B19-473F-955E-CA6FFE006258}.AppStore|iPhone.ActiveCfg = Release|Any CPU
		{F7259845-3B19-473F-955E-CA6FFE006258}.AppStore|iPhone.Build.0 = Release|Any CPU
		{F7259845-3B19-473F-955E-CA6FFE006258}.AppStore|iPhoneSimulator.ActiveCfg = Release|Any CPU
		{F7259845-3B19-473F-955E-CA6FFE006258}.AppStore|iPhoneSimulator.Build.0 = Release|Any CPU
		{F7259845-3B19-473F-955E-CA6FFE006258}.AppStore|x64.ActiveCfg = Release|Any CPU
		{F7259845-3B19-473F-955E-CA6FFE006258}.AppStore|x64.Build.0 = Release|Any CPU
		{F7259845-3B19-473F-955E-CA6FFE006258}.AppStore|x86.ActiveCfg = Release|Any CPU
		{F7259845-3B19-473F-955E-CA6FFE006258}.AppStore|x86.Build.0 = Release|Any CPU
		{F7259845-3B19-473F-955E-CA6FFE006258}.Debug|Any CPU.ActiveCfg = Debug|Any CPU
		{F7259845-3B19-473F-955E-CA6FFE006258}.Debug|Any CPU.Build.0 = Debug|Any CPU
		{F7259845-3B19-473F-955E-CA6FFE006258}.Debug|ARM.ActiveCfg = Debug|Any CPU
		{F7259845-3B19-473F-955E-CA6FFE006258}.Debug|ARM.Build.0 = Debug|Any CPU
		{F7259845-3B19-473F-955E-CA6FFE006258}.Debug|iPhone.ActiveCfg = Debug|Any CPU
		{F7259845-3B19-473F-955E-CA6FFE006258}.Debug|iPhone.Build.0 = Debug|Any CPU
		{F7259845-3B19-473F-955E-CA6FFE006258}.Debug|iPhoneSimulator.ActiveCfg = Debug|Any CPU
		{F7259845-3B19-473F-955E-CA6FFE006258}.Debug|iPhoneSimulator.Build.0 = Debug|Any CPU
		{F7259845-3B19-473F-955E-CA6FFE006258}.Debug|x64.ActiveCfg = Debug|Any CPU
		{F7259845-3B19-473F-955E-CA6FFE006258}.Debug|x64.Build.0 = Debug|Any CPU
		{F7259845-3B19-473F-955E-CA6FFE006258}.Debug|x86.ActiveCfg = Debug|Any CPU
		{F7259845-3B19-473F-955E-CA6FFE006258}.Debug|x86.Build.0 = Debug|Any CPU
		{F7259845-3B19-473F-955E-CA6FFE006258}.Release|Any CPU.ActiveCfg = Release|Any CPU
		{F7259845-3B19-473F-955E-CA6FFE006258}.Release|Any CPU.Build.0 = Release|Any CPU
		{F7259845-3B19-473F-955E-CA6FFE006258}.Release|ARM.ActiveCfg = Release|Any CPU
		{F7259845-3B19-473F-955E-CA6FFE006258}.Release|ARM.Build.0 = Release|Any CPU
		{F7259845-3B19-473F-955E-CA6FFE006258}.Release|iPhone.ActiveCfg = Release|Any CPU
		{F7259845-3B19-473F-955E-CA6FFE006258}.Release|iPhone.Build.0 = Release|Any CPU
		{F7259845-3B19-473F-955E-CA6FFE006258}.Release|iPhoneSimulator.ActiveCfg = Release|Any CPU
		{F7259845-3B19-473F-955E-CA6FFE006258}.Release|iPhoneSimulator.Build.0 = Release|Any CPU
		{F7259845-3B19-473F-955E-CA6FFE006258}.Release|x64.ActiveCfg = Release|Any CPU
		{F7259845-3B19-473F-955E-CA6FFE006258}.Release|x64.Build.0 = Release|Any CPU
		{F7259845-3B19-473F-955E-CA6FFE006258}.Release|x86.ActiveCfg = Release|Any CPU
		{F7259845-3B19-473F-955E-CA6FFE006258}.Release|x86.Build.0 = Release|Any CPU
		{7A614ED3-D435-4978-8821-6EAA6E65E8D4}.Ad-Hoc|Any CPU.ActiveCfg = Release|Any CPU
		{7A614ED3-D435-4978-8821-6EAA6E65E8D4}.Ad-Hoc|Any CPU.Build.0 = Release|Any CPU
		{7A614ED3-D435-4978-8821-6EAA6E65E8D4}.Ad-Hoc|ARM.ActiveCfg = Release|ARM
		{7A614ED3-D435-4978-8821-6EAA6E65E8D4}.Ad-Hoc|ARM.Build.0 = Release|ARM
		{7A614ED3-D435-4978-8821-6EAA6E65E8D4}.Ad-Hoc|iPhone.ActiveCfg = Release|Any CPU
		{7A614ED3-D435-4978-8821-6EAA6E65E8D4}.Ad-Hoc|iPhone.Build.0 = Release|Any CPU
		{7A614ED3-D435-4978-8821-6EAA6E65E8D4}.Ad-Hoc|iPhoneSimulator.ActiveCfg = Release|Any CPU
		{7A614ED3-D435-4978-8821-6EAA6E65E8D4}.Ad-Hoc|iPhoneSimulator.Build.0 = Release|Any CPU
		{7A614ED3-D435-4978-8821-6EAA6E65E8D4}.Ad-Hoc|x64.ActiveCfg = Release|x64
		{7A614ED3-D435-4978-8821-6EAA6E65E8D4}.Ad-Hoc|x64.Build.0 = Release|x64
		{7A614ED3-D435-4978-8821-6EAA6E65E8D4}.Ad-Hoc|x86.ActiveCfg = Release|x86
		{7A614ED3-D435-4978-8821-6EAA6E65E8D4}.Ad-Hoc|x86.Build.0 = Release|x86
		{7A614ED3-D435-4978-8821-6EAA6E65E8D4}.AppStore|Any CPU.ActiveCfg = Release|Any CPU
		{7A614ED3-D435-4978-8821-6EAA6E65E8D4}.AppStore|Any CPU.Build.0 = Release|Any CPU
		{7A614ED3-D435-4978-8821-6EAA6E65E8D4}.AppStore|ARM.ActiveCfg = Release|ARM
		{7A614ED3-D435-4978-8821-6EAA6E65E8D4}.AppStore|ARM.Build.0 = Release|ARM
		{7A614ED3-D435-4978-8821-6EAA6E65E8D4}.AppStore|iPhone.ActiveCfg = Release|Any CPU
		{7A614ED3-D435-4978-8821-6EAA6E65E8D4}.AppStore|iPhone.Build.0 = Release|Any CPU
		{7A614ED3-D435-4978-8821-6EAA6E65E8D4}.AppStore|iPhoneSimulator.ActiveCfg = Release|Any CPU
		{7A614ED3-D435-4978-8821-6EAA6E65E8D4}.AppStore|iPhoneSimulator.Build.0 = Release|Any CPU
		{7A614ED3-D435-4978-8821-6EAA6E65E8D4}.AppStore|x64.ActiveCfg = Release|x64
		{7A614ED3-D435-4978-8821-6EAA6E65E8D4}.AppStore|x64.Build.0 = Release|x64
		{7A614ED3-D435-4978-8821-6EAA6E65E8D4}.AppStore|x86.ActiveCfg = Release|x86
		{7A614ED3-D435-4978-8821-6EAA6E65E8D4}.AppStore|x86.Build.0 = Release|x86
		{7A614ED3-D435-4978-8821-6EAA6E65E8D4}.Debug|Any CPU.ActiveCfg = Debug|Any CPU
		{7A614ED3-D435-4978-8821-6EAA6E65E8D4}.Debug|Any CPU.Build.0 = Debug|Any CPU
		{7A614ED3-D435-4978-8821-6EAA6E65E8D4}.Debug|ARM.ActiveCfg = Debug|ARM
		{7A614ED3-D435-4978-8821-6EAA6E65E8D4}.Debug|ARM.Build.0 = Debug|ARM
		{7A614ED3-D435-4978-8821-6EAA6E65E8D4}.Debug|iPhone.ActiveCfg = Debug|Any CPU
		{7A614ED3-D435-4978-8821-6EAA6E65E8D4}.Debug|iPhone.Build.0 = Debug|Any CPU
		{7A614ED3-D435-4978-8821-6EAA6E65E8D4}.Debug|iPhoneSimulator.ActiveCfg = Debug|Any CPU
		{7A614ED3-D435-4978-8821-6EAA6E65E8D4}.Debug|iPhoneSimulator.Build.0 = Debug|Any CPU
		{7A614ED3-D435-4978-8821-6EAA6E65E8D4}.Debug|x64.ActiveCfg = Debug|x64
		{7A614ED3-D435-4978-8821-6EAA6E65E8D4}.Debug|x64.Build.0 = Debug|x64
		{7A614ED3-D435-4978-8821-6EAA6E65E8D4}.Debug|x86.ActiveCfg = Debug|x86
		{7A614ED3-D435-4978-8821-6EAA6E65E8D4}.Debug|x86.Build.0 = Debug|x86
		{7A614ED3-D435-4978-8821-6EAA6E65E8D4}.Release|Any CPU.ActiveCfg = Release|Any CPU
		{7A614ED3-D435-4978-8821-6EAA6E65E8D4}.Release|Any CPU.Build.0 = Release|Any CPU
		{7A614ED3-D435-4978-8821-6EAA6E65E8D4}.Release|ARM.ActiveCfg = Release|ARM
		{7A614ED3-D435-4978-8821-6EAA6E65E8D4}.Release|ARM.Build.0 = Release|ARM
		{7A614ED3-D435-4978-8821-6EAA6E65E8D4}.Release|iPhone.ActiveCfg = Release|Any CPU
		{7A614ED3-D435-4978-8821-6EAA6E65E8D4}.Release|iPhone.Build.0 = Release|Any CPU
		{7A614ED3-D435-4978-8821-6EAA6E65E8D4}.Release|iPhoneSimulator.ActiveCfg = Release|Any CPU
		{7A614ED3-D435-4978-8821-6EAA6E65E8D4}.Release|iPhoneSimulator.Build.0 = Release|Any CPU
		{7A614ED3-D435-4978-8821-6EAA6E65E8D4}.Release|x64.ActiveCfg = Release|x64
		{7A614ED3-D435-4978-8821-6EAA6E65E8D4}.Release|x64.Build.0 = Release|x64
		{7A614ED3-D435-4978-8821-6EAA6E65E8D4}.Release|x86.ActiveCfg = Release|x86
		{7A614ED3-D435-4978-8821-6EAA6E65E8D4}.Release|x86.Build.0 = Release|x86
	EndGlobalSection
	GlobalSection(SolutionProperties) = preSolution
		HideSolutionNode = FALSE
	EndGlobalSection
	GlobalSection(NestedProjects) = preSolution
		{98908059-F997-4268-A9C9-EE729C4BB893} = {079029E0-F09E-4C8E-B908-CF6C78E186EC}
		{BC63DFA6-7231-49B2-AB9F-5211A4661074} = {079029E0-F09E-4C8E-B908-CF6C78E186EC}
		{F7259845-3B19-473F-955E-CA6FFE006258} = {079029E0-F09E-4C8E-B908-CF6C78E186EC}
		{7A614ED3-D435-4978-8821-6EAA6E65E8D4} = {079029E0-F09E-4C8E-B908-CF6C78E186EC}
	EndGlobalSection
EndGlobal
